{
  "name": "vercel-swift",
  "version": "1.0.0",
  "lockfileVersion": 2,
  "requires": true,
  "packages": {
    "": {
      "name": "vercel-swift",
      "version": "1.0.0",
      "license": "MIT",
      "dependencies": {
        "@vercel/build-utils": "^5.0.6"
      }
    },
    "node_modules/@vercel/build-utils": {
      "version": "5.0.6",
      "resolved": "https://registry.npmjs.org/@vercel/build-utils/-/build-utils-5.0.6.tgz",
      "integrity": "sha512-81IDxsWrM1y5+KTKSBEj+gaXy375wqbWQ3mNxFW4aiNTLLy0z3gL9Y6ZN9LzvapTBBDpoU+oS1PuHNnyXMVxdA=="
    }
  },
  "dependencies": {
    "@vercel/build-utils": {
      "version": "5.0.6",
      "resolved": "https://registry.npmjs.org/@vercel/build-utils/-/build-utils-5.0.6.tgz",
      "integrity": "sha512-81IDxsWrM1y5+KTKSBEj+gaXy375wqbWQ3mNxFW4aiNTLLy0z3gL9Y6ZN9LzvapTBBDpoU+oS1PuHNnyXMVxdA=="
    }
  }
}
